<?xml version="1.0" encoding="utf-8"?>
<Project ToolsVersion="4.0" xmlns="http://schemas.microsoft.com/developer/msbuild/2003">
  <ItemGroup>
    <Filter Include="VisualGDB settings">
      <UniqueIdentifier>{7407b5e0-82cc-4070-8c3d-0e55f3278cf8}</UniqueIdentifier>
    </Filter>
    <Filter Include="grbl">
      <UniqueIdentifier>{ee96e15a-519e-486c-a1af-4c168befed5c}</UniqueIdentifier>
    </Filter>
    <Filter Include="stm32\Drivers\CMSIS\Device">
      <UniqueIdentifier>{badcf635-46f4-41d4-9e3a-fcccee6ee7e7}</UniqueIdentifier>
    </Filter>
    <Filter Include="stm32\Drivers\CMSIS\Device\ST">
      <UniqueIdentifier>{59c7df52-22c4-4f52-b3c2-c90e8dba550c}</UniqueIdentifier>
    </Filter>
    <Filter Include="stm32\Drivers\CMSIS\Device\ST\STM32F4xx">
      <UniqueIdentifier>{f716c83d-4402-49cb-9931-0f30a0c11dc6}</UniqueIdentifier>
    </Filter>
    <Filter Include="stm32\Drivers\CMSIS\Device\ST\STM32F4xx\Include">
      <UniqueIdentifier>{dfb756e5-f82d-4638-b38e-868e5c0a7a73}</UniqueIdentifier>
    </Filter>
    <Filter Include="stm32\Drivers\CMSIS\Include">
      <UniqueIdentifier>{d88602e1-351c-44b8-ab6e-c323da5a0566}</UniqueIdentifier>
    </Filter>
    <Filter Include="stm32\Drivers\CMSIS">
      <UniqueIdentifier>{f2a8ebc0-b3ca-44cb-93ec-c3dbbd18e203}</UniqueIdentifier>
    </Filter>
    <Filter Include="stm32">
      <UniqueIdentifier>{eb4c7c5e-e915-47cf-bd10-fb02d497cabd}</UniqueIdentifier>
    </Filter>
    <Filter Include="stm32\Drivers">
      <UniqueIdentifier>{44f93785-9407-44d3-bd06-6769b0a5d479}</UniqueIdentifier>
    </Filter>
    <Filter Include="stm32\Drivers\CMSIS">
      <UniqueIdentifier>{70dfac31-46c6-4173-a78f-f4363908c935}</UniqueIdentifier>
    </Filter>
    <Filter Include="stm32\Drivers\CMSIS\Device">
      <UniqueIdentifier>{7c56dc75-c69a-4eda-b947-e2dd6b18a022}</UniqueIdentifier>
    </Filter>
    <Filter Include="stm32\Drivers\CMSIS\Device\ST">
      <UniqueIdentifier>{06dbc15e-aa5e-4a79-8a0d-651734f272f6}</UniqueIdentifier>
    </Filter>
    <Filter Include="stm32\Drivers\CMSIS\Device\ST\STM32F4xx">
      <UniqueIdentifier>{c22b8ecc-11be-46f2-932b-2788beb3829a}</UniqueIdentifier>
    </Filter>
    <Filter Include="stm32\Drivers\CMSIS\Device\ST\STM32F4xx\Include">
      <UniqueIdentifier>{96cf0b7d-299e-4e9a-8b62-30835a2afdfc}</UniqueIdentifier>
    </Filter>
    <Filter Include="stm32\Drivers\CMSIS\Include">
      <UniqueIdentifier>{bb2c59f5-48fb-475e-95ca-b91870269779}</UniqueIdentifier>
    </Filter>
    <Filter Include="stm32\Drivers\STM32F4xx_HAL_Driver">
      <UniqueIdentifier>{479f81f3-c8ab-4ca0-8b69-1dab13c14bae}</UniqueIdentifier>
    </Filter>
    <Filter Include="stm32\Drivers\STM32F4xx_HAL_Driver\Inc">
      <UniqueIdentifier>{df1d547f-1649-4ed1-b23b-11b16488c5dd}</UniqueIdentifier>
    </Filter>
    <Filter Include="stm32\Drivers\STM32F4xx_HAL_Driver\Inc\Legacy">
      <UniqueIdentifier>{897aa258-5af2-4147-80eb-8fc9b796bc3c}</UniqueIdentifier>
    </Filter>
    <Filter Include="stm32\Drivers\STM32F4xx_HAL_Driver\Src">
      <UniqueIdentifier>{3655eeae-e26d-49f9-ab67-8def015bb73a}</UniqueIdentifier>
    </Filter>
  </ItemGroup>
  <ItemGroup>
    <None Include="grbl-Debug.vgdbsettings">
      <Filter>VisualGDB settings</Filter>
    </None>
    <None Include="grbl-Release.vgdbsettings">
      <Filter>VisualGDB settings</Filter>
    </None>
    <None Include="stm32.xml">
      <Filter>VisualGDB settings</Filter>
    </None>
    <ClCompile Include="grbl\coolant_control.c">
      <Filter>grbl</Filter>
    </ClCompile>
    <ClCompile Include="grbl\eeprom.c">
      <Filter>grbl</Filter>
    </ClCompile>
    <ClCompile Include="grbl\gcode.c">
      <Filter>grbl</Filter>
    </ClCompile>
    <ClCompile Include="grbl\jog.c">
      <Filter>grbl</Filter>
    </ClCompile>
    <ClCompile Include="grbl\limits.c">
      <Filter>grbl</Filter>
    </ClCompile>
    <ClCompile Include="grbl\motion_control.c">
      <Filter>grbl</Filter>
    </ClCompile>
    <ClCompile Include="grbl\nuts_bolts.c">
      <Filter>grbl</Filter>
    </ClCompile>
    <ClCompile Include="grbl\planner.c">
      <Filter>grbl</Filter>
    </ClCompile>
    <ClCompile Include="grbl\print.c">
      <Filter>grbl</Filter>
    </ClCompile>
    <ClCompile Include="grbl\probe.c">
      <Filter>grbl</Filter>
    </ClCompile>
    <ClCompile Include="grbl\protocol.c">
      <Filter>grbl</Filter>
    </ClCompile>
    <ClCompile Include="grbl\report.c">
      <Filter>grbl</Filter>
    </ClCompile>
    <ClCompile Include="grbl\serial.c">
      <Filter>grbl</Filter>
    </ClCompile>
    <ClCompile Include="grbl\settings.c">
      <Filter>grbl</Filter>
    </ClCompile>
    <ClCompile Include="grbl\spindle_control.c">
      <Filter>grbl</Filter>
    </ClCompile>
    <ClCompile Include="grbl\stepper.c">
      <Filter>grbl</Filter>
    </ClCompile>
    <ClCompile Include="grbl\system.c">
      <Filter>grbl</Filter>
    </ClCompile>
    <None Include="grbl.ioc" />
    <ClCompile Include="stm32\gpio.c">
      <Filter>stm32</Filter>
    </ClCompile>
    <ClCompile Include="stm32\i2c.c">
      <Filter>stm32</Filter>
    </ClCompile>
    <ClCompile Include="stm32\inoutputs.c">
      <Filter>stm32</Filter>
    </ClCompile>
    <ClCompile Include="stm32\main.c">
      <Filter>stm32</Filter>
    </ClCompile>
    <ClCompile Include="stm32\spi.c">
      <Filter>stm32</Filter>
    </ClCompile>
    <ClCompile Include="stm32\startup_stm32f407xx.c">
      <Filter>stm32</Filter>
    </ClCompile>
    <ClCompile Include="stm32\stm32f4xx_hal_msp.c">
      <Filter>stm32</Filter>
    </ClCompile>
    <ClCompile Include="stm32\stm32f4xx_it.c">
      <Filter>stm32</Filter>
    </ClCompile>
    <ClCompile Include="stm32\stm32utilities.c">
      <Filter>stm32</Filter>
    </ClCompile>
    <ClCompile Include="stm32\syscalls.c">
      <Filter>stm32</Filter>
    </ClCompile>
    <ClCompile Include="stm32\system_stm32f4xx.c">
      <Filter>stm32</Filter>
    </ClCompile>
    <ClCompile Include="stm32\tim.c">
      <Filter>stm32</Filter>
    </ClCompile>
    <ClCompile Include="stm32\usart.c">
      <Filter>stm32</Filter>
    </ClCompile>
    <ClInclude Include="stm32\g32core.h">
      <Filter>stm32</Filter>
    </ClInclude>
    <ClInclude Include="stm32\gpio.h">
      <Filter>stm32</Filter>
    </ClInclude>
    <ClInclude Include="stm32\i2c.h">
      <Filter>stm32</Filter>
    </ClInclude>
    <ClInclude Include="stm32\inoutputs.h">
      <Filter>stm32</Filter>
    </ClInclude>
    <ClInclude Include="stm32\main.h">
      <Filter>stm32</Filter>
    </ClInclude>
    <ClInclude Include="stm32\spi.h">
      <Filter>stm32</Filter>
    </ClInclude>
    <ClInclude Include="stm32\stm32eeprom.h">
      <Filter>stm32</Filter>
    </ClInclude>
    <ClInclude Include="stm32\stm32f4xx_hal_conf.h">
      <Filter>stm32</Filter>
    </ClInclude>
    <ClInclude Include="stm32\stm32f4xx_it.h">
      <Filter>stm32</Filter>
    </ClInclude>
    <ClInclude Include="stm32\stm32utilities.h">
      <Filter>stm32</Filter>
    </ClInclude>
    <ClInclude Include="stm32\stm32_assert.h">
      <Filter>stm32</Filter>
    </ClInclude>
    <ClInclude Include="stm32\stm32_pin_out.h">
      <Filter>stm32</Filter>
    </ClInclude>
    <ClInclude Include="stm32\tim.h">
      <Filter>stm32</Filter>
    </ClInclude>
    <ClInclude Include="stm32\usart.h">
      <Filter>stm32</Filter>
    </ClInclude>
    <ClInclude Include="stm32\Drivers\CMSIS\Device\ST\STM32F4xx\Include\stm32f4xx.h">
      <Filter>stm32\Drivers\CMSIS\Device\ST\STM32F4xx\Include</Filter>
    </ClInclude>
    <ClInclude Include="stm32\Drivers\CMSIS\Device\ST\STM32F4xx\Include\system_stm32f4xx.h">
      <Filter>stm32\Drivers\CMSIS\Device\ST\STM32F4xx\Include</Filter>
    </ClInclude>
    <ClInclude Include="stm32\Drivers\STM32F4xx_HAL_Driver\Inc\stm32f4xx_hal.h">
      <Filter>stm32\Drivers\STM32F4xx_HAL_Driver\Inc</Filter>
    </ClInclude>
    <ClInclude Include="stm32\Drivers\STM32F4xx_HAL_Driver\Inc\stm32f4xx_hal_cortex.h">
      <Filter>stm32\Drivers\STM32F4xx_HAL_Driver\Inc</Filter>
    </ClInclude>
    <ClInclude Include="stm32\Drivers\STM32F4xx_HAL_Driver\Inc\stm32f4xx_hal_def.h">
      <Filter>stm32\Drivers\STM32F4xx_HAL_Driver\Inc</Filter>
    </ClInclude>
    <ClInclude Include="stm32\Drivers\STM32F4xx_HAL_Driver\Inc\stm32f4xx_hal_dma.h">
      <Filter>stm32\Drivers\STM32F4xx_HAL_Driver\Inc</Filter>
    </ClInclude>
    <ClInclude Include="stm32\Drivers\STM32F4xx_HAL_Driver\Inc\stm32f4xx_hal_dma_ex.h">
      <Filter>stm32\Drivers\STM32F4xx_HAL_Driver\Inc</Filter>
    </ClInclude>
    <ClInclude Include="stm32\Drivers\STM32F4xx_HAL_Driver\Inc\stm32f4xx_hal_exti.h">
      <Filter>stm32\Drivers\STM32F4xx_HAL_Driver\Inc</Filter>
    </ClInclude>
    <ClInclude Include="stm32\Drivers\STM32F4xx_HAL_Driver\Inc\stm32f4xx_hal_flash.h">
      <Filter>stm32\Drivers\STM32F4xx_HAL_Driver\Inc</Filter>
    </ClInclude>
    <ClInclude Include="stm32\Drivers\STM32F4xx_HAL_Driver\Inc\stm32f4xx_hal_flash_ex.h">
      <Filter>stm32\Drivers\STM32F4xx_HAL_Driver\Inc</Filter>
    </ClInclude>
    <ClInclude Include="stm32\Drivers\STM32F4xx_HAL_Driver\Inc\stm32f4xx_hal_flash_ramfunc.h">
      <Filter>stm32\Drivers\STM32F4xx_HAL_Driver\Inc</Filter>
    </ClInclude>
    <ClInclude Include="stm32\Drivers\STM32F4xx_HAL_Driver\Inc\stm32f4xx_hal_gpio.h">
      <Filter>stm32\Drivers\STM32F4xx_HAL_Driver\Inc</Filter>
    </ClInclude>
    <ClInclude Include="stm32\Drivers\STM32F4xx_HAL_Driver\Inc\stm32f4xx_hal_gpio_ex.h">
      <Filter>stm32\Drivers\STM32F4xx_HAL_Driver\Inc</Filter>
    </ClInclude>
    <ClInclude Include="stm32\Drivers\STM32F4xx_HAL_Driver\Inc\stm32f4xx_hal_i2c.h">
      <Filter>stm32\Drivers\STM32F4xx_HAL_Driver\Inc</Filter>
    </ClInclude>
    <ClInclude Include="stm32\Drivers\STM32F4xx_HAL_Driver\Inc\stm32f4xx_hal_i2c_ex.h">
      <Filter>stm32\Drivers\STM32F4xx_HAL_Driver\Inc</Filter>
    </ClInclude>
    <ClInclude Include="stm32\Drivers\STM32F4xx_HAL_Driver\Inc\stm32f4xx_hal_pwr.h">
      <Filter>stm32\Drivers\STM32F4xx_HAL_Driver\Inc</Filter>
    </ClInclude>
    <ClInclude Include="stm32\Drivers\STM32F4xx_HAL_Driver\Inc\stm32f4xx_hal_pwr_ex.h">
      <Filter>stm32\Drivers\STM32F4xx_HAL_Driver\Inc</Filter>
    </ClInclude>
    <ClInclude Include="stm32\Drivers\STM32F4xx_HAL_Driver\Inc\stm32f4xx_hal_rcc.h">
      <Filter>stm32\Drivers\STM32F4xx_HAL_Driver\Inc</Filter>
    </ClInclude>
    <ClInclude Include="stm32\Drivers\STM32F4xx_HAL_Driver\Inc\stm32f4xx_hal_rcc_ex.h">
      <Filter>stm32\Drivers\STM32F4xx_HAL_Driver\Inc</Filter>
    </ClInclude>
    <ClInclude Include="stm32\Drivers\STM32F4xx_HAL_Driver\Inc\stm32f4xx_hal_spi.h">
      <Filter>stm32\Drivers\STM32F4xx_HAL_Driver\Inc</Filter>
    </ClInclude>
    <ClInclude Include="stm32\Drivers\STM32F4xx_HAL_Driver\Inc\stm32f4xx_hal_tim.h">
      <Filter>stm32\Drivers\STM32F4xx_HAL_Driver\Inc</Filter>
    </ClInclude>
    <ClInclude Include="stm32\Drivers\STM32F4xx_HAL_Driver\Inc\stm32f4xx_hal_tim_ex.h">
      <Filter>stm32\Drivers\STM32F4xx_HAL_Driver\Inc</Filter>
    </ClInclude>
    <ClInclude Include="stm32\Drivers\STM32F4xx_HAL_Driver\Inc\stm32f4xx_hal_uart.h">
      <Filter>stm32\Drivers\STM32F4xx_HAL_Driver\Inc</Filter>
    </ClInclude>
    <ClInclude Include="stm32\Drivers\STM32F4xx_HAL_Driver\Inc\stm32f4xx_ll_bus.h">
      <Filter>stm32\Drivers\STM32F4xx_HAL_Driver\Inc</Filter>
    </ClInclude>
    <ClInclude Include="stm32\Drivers\STM32F4xx_HAL_Driver\Inc\stm32f4xx_ll_cortex.h">
      <Filter>stm32\Drivers\STM32F4xx_HAL_Driver\Inc</Filter>
    </ClInclude>
    <ClInclude Include="stm32\Drivers\STM32F4xx_HAL_Driver\Inc\stm32f4xx_ll_dma.h">
      <Filter>stm32\Drivers\STM32F4xx_HAL_Driver\Inc</Filter>
    </ClInclude>
    <ClInclude Include="stm32\Drivers\STM32F4xx_HAL_Driver\Inc\stm32f4xx_ll_exti.h">
      <Filter>stm32\Drivers\STM32F4xx_HAL_Driver\Inc</Filter>
    </ClInclude>
    <ClInclude Include="stm32\Drivers\STM32F4xx_HAL_Driver\Inc\stm32f4xx_ll_gpio.h">
      <Filter>stm32\Drivers\STM32F4xx_HAL_Driver\Inc</Filter>
    </ClInclude>
    <ClInclude Include="stm32\Drivers\STM32F4xx_HAL_Driver\Inc\stm32f4xx_ll_pwr.h">
      <Filter>stm32\Drivers\STM32F4xx_HAL_Driver\Inc</Filter>
    </ClInclude>
    <ClInclude Include="stm32\Drivers\STM32F4xx_HAL_Driver\Inc\stm32f4xx_ll_rcc.h">
      <Filter>stm32\Drivers\STM32F4xx_HAL_Driver\Inc</Filter>
    </ClInclude>
    <ClInclude Include="stm32\Drivers\STM32F4xx_HAL_Driver\Inc\stm32f4xx_ll_system.h">
      <Filter>stm32\Drivers\STM32F4xx_HAL_Driver\Inc</Filter>
    </ClInclude>
    <ClInclude Include="stm32\Drivers\STM32F4xx_HAL_Driver\Inc\stm32f4xx_ll_tim.h">
      <Filter>stm32\Drivers\STM32F4xx_HAL_Driver\Inc</Filter>
    </ClInclude>
    <ClInclude Include="stm32\Drivers\STM32F4xx_HAL_Driver\Inc\stm32f4xx_ll_usart.h">
      <Filter>stm32\Drivers\STM32F4xx_HAL_Driver\Inc</Filter>
    </ClInclude>
    <ClInclude Include="stm32\Drivers\STM32F4xx_HAL_Driver\Inc\stm32f4xx_ll_utils.h">
      <Filter>stm32\Drivers\STM32F4xx_HAL_Driver\Inc</Filter>
    </ClInclude>
    <ClInclude Include="stm32\Drivers\STM32F4xx_HAL_Driver\Inc\Legacy\stm32_hal_legacy.h">
      <Filter>stm32\Drivers\STM32F4xx_HAL_Driver\Inc\Legacy</Filter>
    </ClInclude>
    <ClCompile Include="stm32\Drivers\STM32F4xx_HAL_Driver\Src\stm32f4xx_hal.c">
      <Filter>stm32\Drivers\STM32F4xx_HAL_Driver\Src</Filter>
    </ClCompile>
    <ClCompile Include="stm32\Drivers\STM32F4xx_HAL_Driver\Src\stm32f4xx_hal_cortex.c">
      <Filter>stm32\Drivers\STM32F4xx_HAL_Driver\Src</Filter>
    </ClCompile>
    <ClCompile Include="stm32\Drivers\STM32F4xx_HAL_Driver\Src\stm32f4xx_hal_dma.c">
      <Filter>stm32\Drivers\STM32F4xx_HAL_Driver\Src</Filter>
    </ClCompile>
    <ClCompile Include="stm32\Drivers\STM32F4xx_HAL_Driver\Src\stm32f4xx_hal_dma_ex.c">
      <Filter>stm32\Drivers\STM32F4xx_HAL_Driver\Src</Filter>
    </ClCompile>
    <ClCompile Include="stm32\Drivers\STM32F4xx_HAL_Driver\Src\stm32f4xx_hal_exti.c">
      <Filter>stm32\Drivers\STM32F4xx_HAL_Driver\Src</Filter>
    </ClCompile>
    <ClCompile Include="stm32\Drivers\STM32F4xx_HAL_Driver\Src\stm32f4xx_hal_flash.c">
      <Filter>stm32\Drivers\STM32F4xx_HAL_Driver\Src</Filter>
    </ClCompile>
    <ClCompile Include="stm32\Drivers\STM32F4xx_HAL_Driver\Src\stm32f4xx_hal_flash_ex.c">
      <Filter>stm32\Drivers\STM32F4xx_HAL_Driver\Src</Filter>
    </ClCompile>
    <ClCompile Include="stm32\Drivers\STM32F4xx_HAL_Driver\Src\stm32f4xx_hal_flash_ramfunc.c">
      <Filter>stm32\Drivers\STM32F4xx_HAL_Driver\Src</Filter>
    </ClCompile>
    <ClCompile Include="stm32\Drivers\STM32F4xx_HAL_Driver\Src\stm32f4xx_hal_gpio.c">
      <Filter>stm32\Drivers\STM32F4xx_HAL_Driver\Src</Filter>
    </ClCompile>
    <ClCompile Include="stm32\Drivers\STM32F4xx_HAL_Driver\Src\stm32f4xx_hal_i2c.c">
      <Filter>stm32\Drivers\STM32F4xx_HAL_Driver\Src</Filter>
    </ClCompile>
    <ClCompile Include="stm32\Drivers\STM32F4xx_HAL_Driver\Src\stm32f4xx_hal_i2c_ex.c">
      <Filter>stm32\Drivers\STM32F4xx_HAL_Driver\Src</Filter>
    </ClCompile>
    <ClCompile Include="stm32\Drivers\STM32F4xx_HAL_Driver\Src\stm32f4xx_hal_pwr.c">
      <Filter>stm32\Drivers\STM32F4xx_HAL_Driver\Src</Filter>
    </ClCompile>
    <ClCompile Include="stm32\Drivers\STM32F4xx_HAL_Driver\Src\stm32f4xx_hal_pwr_ex.c">
      <Filter>stm32\Drivers\STM32F4xx_HAL_Driver\Src</Filter>
    </ClCompile>
    <ClCompile Include="stm32\Drivers\STM32F4xx_HAL_Driver\Src\stm32f4xx_hal_rcc.c">
      <Filter>stm32\Drivers\STM32F4xx_HAL_Driver\Src</Filter>
    </ClCompile>
    <ClCompile Include="stm32\Drivers\STM32F4xx_HAL_Driver\Src\stm32f4xx_hal_rcc_ex.c">
      <Filter>stm32\Drivers\STM32F4xx_HAL_Driver\Src</Filter>
    </ClCompile>
    <ClCompile Include="stm32\Drivers\STM32F4xx_HAL_Driver\Src\stm32f4xx_hal_spi.c">
      <Filter>stm32\Drivers\STM32F4xx_HAL_Driver\Src</Filter>
    </ClCompile>
    <ClCompile Include="stm32\Drivers\STM32F4xx_HAL_Driver\Src\stm32f4xx_hal_tim.c">
      <Filter>stm32\Drivers\STM32F4xx_HAL_Driver\Src</Filter>
    </ClCompile>
    <ClCompile Include="stm32\Drivers\STM32F4xx_HAL_Driver\Src\stm32f4xx_hal_tim_ex.c">
      <Filter>stm32\Drivers\STM32F4xx_HAL_Driver\Src</Filter>
    </ClCompile>
    <ClCompile Include="stm32\Drivers\STM32F4xx_HAL_Driver\Src\stm32f4xx_hal_uart.c">
      <Filter>stm32\Drivers\STM32F4xx_HAL_Driver\Src</Filter>
    </ClCompile>
    <ClCompile Include="stm32\Drivers\STM32F4xx_HAL_Driver\Src\stm32f4xx_ll_dma.c">
      <Filter>stm32\Drivers\STM32F4xx_HAL_Driver\Src</Filter>
    </ClCompile>
    <ClCompile Include="stm32\Drivers\STM32F4xx_HAL_Driver\Src\stm32f4xx_ll_exti.c">
      <Filter>stm32\Drivers\STM32F4xx_HAL_Driver\Src</Filter>
    </ClCompile>
    <ClCompile Include="stm32\Drivers\STM32F4xx_HAL_Driver\Src\stm32f4xx_ll_gpio.c">
      <Filter>stm32\Drivers\STM32F4xx_HAL_Driver\Src</Filter>
    </ClCompile>
    <ClCompile Include="stm32\Drivers\STM32F4xx_HAL_Driver\Src\stm32f4xx_ll_rcc.c">
      <Filter>stm32\Drivers\STM32F4xx_HAL_Driver\Src</Filter>
    </ClCompile>
    <ClCompile Include="stm32\Drivers\STM32F4xx_HAL_Driver\Src\stm32f4xx_ll_tim.c">
      <Filter>stm32\Drivers\STM32F4xx_HAL_Driver\Src</Filter>
    </ClCompile>
    <ClCompile Include="stm32\Drivers\STM32F4xx_HAL_Driver\Src\stm32f4xx_ll_usart.c">
      <Filter>stm32\Drivers\STM32F4xx_HAL_Driver\Src</Filter>
    </ClCompile>
    <ClCompile Include="stm32\Drivers\STM32F4xx_HAL_Driver\Src\stm32f4xx_ll_utils.c">
      <Filter>stm32\Drivers\STM32F4xx_HAL_Driver\Src</Filter>
    </ClCompile>
  </ItemGroup>
  <ItemGroup>
    <ClInclude Include="grbl\config.h">
      <Filter>grbl</Filter>
    </ClInclude>
    <ClInclude Include="grbl\coolant_control.h">
      <Filter>grbl</Filter>
    </ClInclude>
    <ClInclude Include="grbl\eeprom.h">
      <Filter>grbl</Filter>
    </ClInclude>
    <ClInclude Include="grbl\gcode.h">
      <Filter>grbl</Filter>
    </ClInclude>
    <ClInclude Include="grbl\grbl.h">
      <Filter>grbl</Filter>
    </ClInclude>
    <ClInclude Include="grbl\jog.h">
      <Filter>grbl</Filter>
    </ClInclude>
    <ClInclude Include="grbl\limits.h">
      <Filter>grbl</Filter>
    </ClInclude>
    <ClInclude Include="grbl\motion_control.h">
      <Filter>grbl</Filter>
    </ClInclude>
    <ClInclude Include="grbl\nuts_bolts.h">
      <Filter>grbl</Filter>
    </ClInclude>
    <ClInclude Include="grbl\planner.h">
      <Filter>grbl</Filter>
    </ClInclude>
    <ClInclude Include="grbl\print.h">
      <Filter>grbl</Filter>
    </ClInclude>
    <ClInclude Include="grbl\probe.h">
      <Filter>grbl</Filter>
    </ClInclude>
    <ClInclude Include="grbl\protocol.h">
      <Filter>grbl</Filter>
    </ClInclude>
    <ClInclude Include="grbl\report.h">
      <Filter>grbl</Filter>
    </ClInclude>
    <ClInclude Include="grbl\serial.h">
      <Filter>grbl</Filter>
    </ClInclude>
    <ClInclude Include="grbl\settings.h">
      <Filter>grbl</Filter>
    </ClInclude>
    <ClInclude Include="grbl\spindle_control.h">
      <Filter>grbl</Filter>
    </ClInclude>
    <ClInclude Include="grbl\stepper.h">
      <Filter>grbl</Filter>
    </ClInclude>
    <ClInclude Include="grbl\system.h">
      <Filter>grbl</Filter>
    </ClInclude>
    <ClInclude Include="stm32\Drivers\CMSIS\Device\ST\STM32F4xx\Include\stm32f407xx.h">
      <Filter>stm32\Drivers\CMSIS\Device\ST\STM32F4xx\Include</Filter>
    </ClInclude>
    <ClInclude Include="stm32\Drivers\CMSIS\Include\cmsis_armcc.h">
      <Filter>stm32\Drivers\CMSIS\Include</Filter>
    </ClInclude>
    <ClInclude Include="stm32\Drivers\CMSIS\Include\cmsis_armclang.h">
      <Filter>stm32\Drivers\CMSIS\Include</Filter>
    </ClInclude>
    <ClInclude Include="stm32\Drivers\CMSIS\Include\cmsis_compiler.h">
      <Filter>stm32\Drivers\CMSIS\Include</Filter>
    </ClInclude>
    <ClInclude Include="stm32\Drivers\CMSIS\Include\cmsis_gcc.h">
      <Filter>stm32\Drivers\CMSIS\Include</Filter>
    </ClInclude>
    <ClInclude Include="stm32\Drivers\CMSIS\Include\cmsis_iccarm.h">
      <Filter>stm32\Drivers\CMSIS\Include</Filter>
    </ClInclude>
    <ClInclude Include="stm32\Drivers\CMSIS\Include\cmsis_version.h">
      <Filter>stm32\Drivers\CMSIS\Include</Filter>
    </ClInclude>
    <ClInclude Include="stm32\Drivers\CMSIS\Include\core_armv8mbl.h">
      <Filter>stm32\Drivers\CMSIS\Include</Filter>
    </ClInclude>
    <ClInclude Include="stm32\Drivers\CMSIS\Include\core_armv8mml.h">
      <Filter>stm32\Drivers\CMSIS\Include</Filter>
    </ClInclude>
    <ClInclude Include="stm32\Drivers\CMSIS\Include\core_cm0.h">
      <Filter>stm32\Drivers\CMSIS\Include</Filter>
    </ClInclude>
    <ClInclude Include="stm32\Drivers\CMSIS\Include\core_cm0plus.h">
      <Filter>stm32\Drivers\CMSIS\Include</Filter>
    </ClInclude>
    <ClInclude Include="stm32\Drivers\CMSIS\Include\core_cm1.h">
      <Filter>stm32\Drivers\CMSIS\Include</Filter>
    </ClInclude>
    <ClInclude Include="stm32\Drivers\CMSIS\Include\core_cm23.h">
      <Filter>stm32\Drivers\CMSIS\Include</Filter>
    </ClInclude>
    <ClInclude Include="stm32\Drivers\CMSIS\Include\core_cm3.h">
      <Filter>stm32\Drivers\CMSIS\Include</Filter>
    </ClInclude>
    <ClInclude Include="stm32\Drivers\CMSIS\Include\core_cm33.h">
      <Filter>stm32\Drivers\CMSIS\Include</Filter>
    </ClInclude>
    <ClInclude Include="stm32\Drivers\CMSIS\Include\core_cm7.h">
      <Filter>stm32\Drivers\CMSIS\Include</Filter>
    </ClInclude>
    <ClInclude Include="stm32\Drivers\CMSIS\Include\core_sc000.h">
      <Filter>stm32\Drivers\CMSIS\Include</Filter>
    </ClInclude>
    <ClInclude Include="stm32\Drivers\CMSIS\Include\core_sc300.h">
      <Filter>stm32\Drivers\CMSIS\Include</Filter>
    </ClInclude>
    <ClInclude Include="stm32\Drivers\CMSIS\Include\mpu_armv7.h">
      <Filter>stm32\Drivers\CMSIS\Include</Filter>
    </ClInclude>
    <ClInclude Include="stm32\Drivers\CMSIS\Include\mpu_armv8.h">
      <Filter>stm32\Drivers\CMSIS\Include</Filter>
    </ClInclude>
    <ClInclude Include="stm32\Drivers\CMSIS\Include\tz_context.h">
      <Filter>stm32\Drivers\CMSIS\Include</Filter>
    </ClInclude>
    <ClInclude Include="stm32\Drivers\CMSIS\Include\core_cm4.h">
      <Filter>stm32\Drivers\CMSIS\Include</Filter>
    </ClInclude>
    <ClInclude Include="grbl\defaults.h">
      <Filter>grbl</Filter>
    </ClInclude>
  </ItemGroup>
  <ItemGroup>
    <None Include="stm32.props" />
  </ItemGroup>
</Project>